<?xml version="1.0" encoding="utf-8"?>
<Project ToolsVersion="4.0" xmlns="http://schemas.microsoft.com/developer/msbuild/2003">
  <ItemGroup>
    <Filter Include="Source Files">
      <UniqueIdentifier>{4FC737F1-C7A5-4376-A066-2A32D752A2FF}</UniqueIdentifier>
      <Extensions>cpp;c;cc;cxx;c++;cppm;ixx;def;odl;idl;hpj;bat;asm;asmx</Extensions>
    </Filter>
    <Filter Include="Header Files">
      <UniqueIdentifier>{93995380-89BD-4b04-88EB-625FBE52EBFB}</UniqueIdentifier>
      <Extensions>h;hh;hpp;hxx;h++;hm;inl;inc;ipp;xsd</Extensions>
    </Filter>
    <Filter Include="Resource Files">
      <UniqueIdentifier>{67DA6AB6-F800-4c08-8B7A-83BB121AAD01}</UniqueIdentifier>
      <Extensions>rc;ico;cur;bmp;dlg;rc2;rct;bin;rgs;gif;jpg;jpeg;jpe;resx;tiff;tif;png;wav;mfcribbon-ms</Extensions>
    </Filter>
  </ItemGroup>
  <ItemGroup>
    <ClInclude Include="TF2Config.hpp">
      <Filter>Header Files</Filter>
    </ClInclude>
    <ClInclude Include="Entity\BaseEntity.hpp">
      <Filter>Header Files</Filter>
    </ClInclude>
    <ClInclude Include="Entity\ClientEntity.hpp">
      <Filter>Header Files</Filter>
    </ClInclude>
    <ClInclude Include="Entity\ClientEntity_Internal.hpp">
      <Filter>Header Files</Filter>
    </ClInclude>
    <ClInclude Include="Entity\EconEntity.hpp">
      <Filter>Header Files</Filter>
    </ClInclude>
    <ClInclude Include="Entity\HandleEntity.hpp">
      <Filter>Header Files</Filter>
    </ClInclude>
    <ClInclude Include="Entity\ResourceEntity.hpp">
      <Filter>Header Files</Filter>
    </ClInclude>
    <ClInclude Include="Studio\Studio.hpp">
      <Filter>Header Files</Filter>
    </ClInclude>
    <ClInclude Include="TF2Consts.hpp">
      <Filter>Header Files</Filter>
    </ClInclude>
    <ClInclude Include="Math\Vector.hpp">
      <Filter>Header Files</Filter>
    </ClInclude>
    <ClInclude Include="Math\Matrix.hpp">
      <Filter>Header Files</Filter>
    </ClInclude>
    <ClInclude Include="GameProp\RecvProp.hpp">
      <Filter>Header Files</Filter>
    </ClInclude>
    <ClInclude Include="GameProp\SendProp.hpp">
      <Filter>Header Files</Filter>
    </ClInclude>
    <ClInclude Include="GameProp\DataMap.hpp">
      <Filter>Header Files</Filter>
    </ClInclude>
    <ClInclude Include="GameProp\ClassID.hpp">
      <Filter>Header Files</Filter>
    </ClInclude>
    <ClInclude Include="GameProp\Consts.hpp">
      <Filter>Header Files</Filter>
    </ClInclude>
    <ClInclude Include="Engine\ClientDll.hpp">
      <Filter>Header Files</Filter>
    </ClInclude>
    <ClInclude Include="Utils\AutoList.hpp">
      <Filter>Header Files</Filter>
    </ClInclude>
    <ClInclude Include="Utils\Thunks.hpp">
      <Filter>Header Files</Filter>
    </ClInclude>
    <ClInclude Include="Engine\EngineIFace.hpp">
      <Filter>Header Files</Filter>
    </ClInclude>
    <ClInclude Include="Engine\SoundFlags.hpp">
      <Filter>Header Files</Filter>
    </ClInclude>
    <ClInclude Include="GameProp\GameProp.hpp">
      <Filter>Header Files</Filter>
    </ClInclude>
    <ClInclude Include="Client\EntityList.hpp">
      <Filter>Header Files</Filter>
    </ClInclude>
    <ClInclude Include="Utils\UtlVector.hpp">
      <Filter>Header Files</Filter>
    </ClInclude>
    <ClInclude Include="Utils\UtlMemory.hpp">
      <Filter>Header Files</Filter>
    </ClInclude>
    <ClInclude Include="Utils\UtlAlloc.hpp">
      <Filter>Header Files</Filter>
    </ClInclude>
    <ClInclude Include="Studio\Consts.hpp">
      <Filter>Header Files</Filter>
    </ClInclude>
    <ClInclude Include="Engine\ModelInfo.hpp">
      <Filter>Header Files</Filter>
    </ClInclude>
    <ClInclude Include="Studio\BoneCache.hpp">
      <Filter>Header Files</Filter>
    </ClInclude>
    <ClInclude Include="Entity\BaseObject.hpp">
      <Filter>Header Files</Filter>
    </ClInclude>
    <ClInclude Include="Entity\BasePlayer.hpp">
      <Filter>Header Files</Filter>
    </ClInclude>
    <ClInclude Include="Entity\BaseWeapon.hpp">
      <Filter>Header Files</Filter>
    </ClInclude>
    <ClInclude Include="Utils\Vector.hpp">
      <Filter>Header Files</Filter>
    </ClInclude>
    <ClInclude Include="Engine\Convar.hpp">
      <Filter>Header Files</Filter>
    </ClInclude>
    <ClInclude Include="Engine\Convar_Internal.hpp">
      <Filter>Header Files</Filter>
    </ClInclude>
    <ClInclude Include="Engine\CVar.hpp">
      <Filter>Header Files</Filter>
    </ClInclude>
    <ClInclude Include="Engine\AppSystem.hpp">
      <Filter>Header Files</Filter>
    </ClInclude>
    <ClInclude Include="Client\UserCmd.hpp">
      <Filter>Header Files</Filter>
    </ClInclude>
    <ClInclude Include="Engine\NetChannel.hpp">
      <Filter>Header Files</Filter>
    </ClInclude>
    <ClInclude Include="Utils\bitbuf.hpp">
      <Filter>Header Files</Filter>
    </ClInclude>
    <ClInclude Include="Engine\DebugOverlay.hpp">
      <Filter>Header Files</Filter>
    </ClInclude>
    <ClInclude Include="Engine\Trace.hpp">
      <Filter>Header Files</Filter>
    </ClInclude>
    <ClInclude Include="Utils\Trace.hpp">
      <Filter>Header Files</Filter>
    </ClInclude>
    <ClInclude Include="Engine\GameTrace.hpp">
      <Filter>Header Files</Filter>
    </ClInclude>
    <ClInclude Include="Engine\GameEnumerator.hpp">
      <Filter>Header Files</Filter>
    </ClInclude>
    <ClInclude Include="Client\GameRules.hpp">
      <Filter>Header Files</Filter>
    </ClInclude>
    <ClInclude Include="Utils\Prediction.hpp">
      <Filter>Header Files</Filter>
    </ClInclude>
    <ClInclude Include="Client\Prediction.hpp">
      <Filter>Header Files</Filter>
    </ClInclude>
    <ClInclude Include="Engine\GlobalVars.hpp">
      <Filter>Header Files</Filter>
    </ClInclude>
    <ClInclude Include="Client\ClientTools.hpp">
      <Filter>Header Files</Filter>
    </ClInclude>
    <ClInclude Include="Server\ServerTools.hpp">
      <Filter>Header Files</Filter>
    </ClInclude>
    <ClInclude Include="Utils\KeyValues.hpp">
      <Filter>Header Files</Filter>
    </ClInclude>
    <ClInclude Include="Utils\Checksum.hpp">
      <Filter>Header Files</Filter>
    </ClInclude>
    <ClInclude Include="Engine\CNetChannel.hpp">
      <Filter>Header Files</Filter>
    </ClInclude>
    <ClInclude Include="Engine\NetMessages.hpp">
      <Filter>Header Files</Filter>
    </ClInclude>
    <ClInclude Include="Engine\NetStrTable.hpp">
      <Filter>Header Files</Filter>
    </ClInclude>
    <ClInclude Include="Engine\VGui.hpp">
      <Filter>Header Files</Filter>
    </ClInclude>
    <ClInclude Include="VGui\Surface.hpp">
      <Filter>Header Files</Filter>
    </ClInclude>
    <ClInclude Include="VGui\Consts.hpp">
      <Filter>Header Files</Filter>
    </ClInclude>
    <ClInclude Include="VGui\Panel.hpp">
      <Filter>Header Files</Filter>
    </ClInclude>
    <ClInclude Include="VGui\Input.hpp">
      <Filter>Header Files</Filter>
    </ClInclude>
    <ClInclude Include="VGui\Engine.hpp">
      <Filter>Header Files</Filter>
    </ClInclude>
    <ClInclude Include="Engine\Sounds.hpp">
      <Filter>Header Files</Filter>
    </ClInclude>
    <ClInclude Include="Client\RecipientFilter.hpp">
      <Filter>Header Files</Filter>
    </ClInclude>
    <ClInclude Include="Client\Effects.hpp">
      <Filter>Header Files</Filter>
    </ClInclude>
    <ClInclude Include="Materials\Consts.hpp">
      <Filter>Header Files</Filter>
    </ClInclude>
    <ClInclude Include="Materials\Material.hpp">
      <Filter>Header Files</Filter>
    </ClInclude>
    <ClInclude Include="Materials\MaterialVar.hpp">
      <Filter>Header Files</Filter>
    </ClInclude>
    <ClInclude Include="Utils\UtlSymbol.hpp">
      <Filter>Header Files</Filter>
    </ClInclude>
    <ClInclude Include="Materials\MaterialSys.hpp">
      <Filter>Header Files</Filter>
    </ClInclude>
    <ClInclude Include="Materials\MaterialCfg.hpp">
      <Filter>Header Files</Filter>
    </ClInclude>
    <ClInclude Include="Materials\VTF.hpp">
      <Filter>Header Files</Filter>
    </ClInclude>
    <ClInclude Include="Utils\RefCount.hpp">
      <Filter>Header Files</Filter>
    </ClInclude>
    <ClInclude Include="Materials\Texture.hpp">
      <Filter>Header Files</Filter>
    </ClInclude>
    <ClInclude Include="Materials\Reference.hpp">
      <Filter>Header Files</Filter>
    </ClInclude>
    <ClInclude Include="Engine\ModelRenderer.hpp">
      <Filter>Header Files</Filter>
    </ClInclude>
    <ClInclude Include="Engine\GameEvent.hpp">
      <Filter>Header Files</Filter>
    </ClInclude>
    <ClInclude Include="Utils\Draw.hpp">
      <Filter>Header Files</Filter>
    </ClInclude>
    <ClInclude Include="Entity\BaseProjectile.hpp">
      <Filter>Header Files</Filter>
    </ClInclude>
  </ItemGroup>
  <ItemGroup>
    <ClCompile Include="Impl\Entity\BaseEntity.cpp">
      <Filter>Source Files</Filter>
    </ClCompile>
    <ClCompile Include="Impl\GameProp\RecvProp.cpp">
      <Filter>Source Files</Filter>
    </ClCompile>
    <ClCompile Include="Impl\Interfaces.cpp">
      <Filter>Source Files</Filter>
    </ClCompile>
    <ClCompile Include="Impl\GameProp\SendProp.cpp">
      <Filter>Source Files</Filter>
    </ClCompile>
    <ClCompile Include="Impl\Studio\BoneCache.cpp">
      <Filter>Source Files</Filter>
    </ClCompile>
    <ClCompile Include="Impl\Entity\BasePlayer.cpp">
      <Filter>Source Files</Filter>
    </ClCompile>
    <ClCompile Include="Impl\Entity\BaseWeapon.cpp">
      <Filter>Source Files</Filter>
    </ClCompile>
    <ClCompile Include="Impl\Entity\EconEntity.cpp">
      <Filter>Source Files</Filter>
    </ClCompile>
    <ClCompile Include="Impl\Utils\Vector.cpp">
      <Filter>Source Files</Filter>
    </ClCompile>
    <ClCompile Include="Impl\Engine\Convar.cpp">
      <Filter>Source Files</Filter>
    </ClCompile>
    <ClCompile Include="Impl\Utils\bitbuf.cpp">
      <Filter>Source Files</Filter>
    </ClCompile>
    <ClCompile Include="Impl\Engine\DebugOverlay.cpp">
      <Filter>Source Files</Filter>
    </ClCompile>
    <ClCompile Include="Impl\Utils\Trace.cpp">
      <Filter>Source Files</Filter>
    </ClCompile>
    <ClCompile Include="Impl\GameProp\DataMap.cpp">
      <Filter>Source Files</Filter>
    </ClCompile>
    <ClCompile Include="Impl\Client\Gamerules.cpp">
      <Filter>Source Files</Filter>
    </ClCompile>
    <ClCompile Include="Impl\Utils\Prediction.cpp">
      <Filter>Source Files</Filter>
    </ClCompile>
    <ClCompile Include="Impl\Utils\KeyValues.cpp">
      <Filter>Source Files</Filter>
    </ClCompile>
    <ClCompile Include="Impl\Utils\Checksum.cpp">
      <Filter>Source Files</Filter>
    </ClCompile>
    <ClCompile Include="Impl\Engine\NetMessage.cpp">
      <Filter>Source Files</Filter>
    </ClCompile>
    <ClCompile Include="Impl\Client\EntityList.cpp">
      <Filter>Source Files</Filter>
    </ClCompile>
    <ClCompile Include="Impl\Client\Effects.cpp">
      <Filter>Source Files</Filter>
    </ClCompile>
    <ClCompile Include="Impl\Materials\Reference.cpp">
      <Filter>Source Files</Filter>
    </ClCompile>
    <ClCompile Include="Impl\Utils\Draw.cpp">
      <Filter>Source Files</Filter>
    </ClCompile>
    <ClCompile Include="Impl\Entity\ResourceEntity.cpp">
      <Filter>Source Files</Filter>
    </ClCompile>
  </ItemGroup>
</Project>